
Microsoft Visual Studio Solution File, Format Version 12.00
# Visual Studio Version 17
VisualStudioVersion = 17.2.32616.157
MinimumVisualStudioVersion = 10.0.40219.1
Project("{8BC9CEB8-8B4A-11D0-8D11-00A0C91BC942}") = "QtGUIPractice", "QtGUIPractice.vcxproj", "{F0BA09C4-2C8E-3A90-A13F-268771EFEE28}"
EndProject
Global
	GlobalSection(SolutionConfigurationPlatforms) = preSolution
		Debug|x64 = Debug|x64
		Release|x64 = Release|x64
	EndGlobalSection
	GlobalSection(ProjectConfigurationPlatforms) = postSolution
		{F0BA09C4-2C8E-3A90-A13F-268771EFEE28}.Debug|x64.ActiveCfg = Debug|x64
		{F0BA09C4-2C8E-3A90-A13F-268771EFEE28}.Debug|x64.Build.0 = Debug|x64
		{F0BA09C4-2C8E-3A90-A13F-268771EFEE28}.Release|x64.ActiveCfg = Release|x64
		{F0BA09C4-2C8E-3A90-A13F-268771EFEE28}.Release|x64.Build.0 = Release|x64
	EndGlobalSection
	GlobalSection(SolutionProperties) = preSolution
		HideSolutionNode = FALSE
	EndGlobalSection
	GlobalSection(ExtensibilityGlobals) = postSolution
		SolutionGuid = {8FB6E929-7EB9-4E41-9A46-C4FC29DC9706}
	EndGlobalSection
EndGlobal
